
Microsoft Visual Studio Solution File, Format Version 12.00
# Visual Studio Version 17
VisualStudioVersion = 17.9.34728.123
MinimumVisualStudioVersion = 10.0.40219.1
Project("{9A19103F-16F7-4668-BE54-9A1E7A4F7556}") = "TradesTracker", "TradesTracker\TradesTracker.csproj", "{B446EAD6-8A93-4338-8FBD-97FF6D767A89}"
EndProject
Project("{E53339B2-1760-4266-BCC7-CA923CBCF16C}") = "docker-compose", "docker-compose.dcproj", "{CFD77B2B-8517-429D-A511-7B5788C04C86}"
EndProject
Project("{9A19103F-16F7-4668-BE54-9A1E7A4F7556}") = "TonSharp.Core", "TonSharp.Core\src\TonSharp.Core.csproj", "{F88674C8-74F9-4E04-A26F-20B56BF9F03E}"
EndProject
Global
	GlobalSection(SolutionConfigurationPlatforms) = preSolution
		Debug|Any CPU = Debug|Any CPU
		Release|Any CPU = Release|Any CPU
	EndGlobalSection
	GlobalSection(ProjectConfigurationPlatforms) = postSolution
		{B446EAD6-8A93-4338-8FBD-97FF6D767A89}.Debug|Any CPU.ActiveCfg = Debug|Any CPU
		{B446EAD6-8A93-4338-8FBD-97FF6D767A89}.Debug|Any CPU.Build.0 = Debug|Any CPU
		{B446EAD6-8A93-4338-8FBD-97FF6D767A89}.Release|Any CPU.ActiveCfg = Release|Any CPU
		{B446EAD6-8A93-4338-8FBD-97FF6D767A89}.Release|Any CPU.Build.0 = Release|Any CPU
		{CFD77B2B-8517-429D-A511-7B5788C04C86}.Debug|Any CPU.ActiveCfg = Debug|Any CPU
		{CFD77B2B-8517-429D-A511-7B5788C04C86}.Debug|Any CPU.Build.0 = Debug|Any CPU
		{CFD77B2B-8517-429D-A511-7B5788C04C86}.Release|Any CPU.ActiveCfg = Release|Any CPU
		{CFD77B2B-8517-429D-A511-7B5788C04C86}.Release|Any CPU.Build.0 = Release|Any CPU
		{F88674C8-74F9-4E04-A26F-20B56BF9F03E}.Debug|Any CPU.ActiveCfg = Debug|Any CPU
		{F88674C8-74F9-4E04-A26F-20B56BF9F03E}.Debug|Any CPU.Build.0 = Debug|Any CPU
		{F88674C8-74F9-4E04-A26F-20B56BF9F03E}.Release|Any CPU.ActiveCfg = Release|Any CPU
		{F88674C8-74F9-4E04-A26F-20B56BF9F03E}.Release|Any CPU.Build.0 = Release|Any CPU
	EndGlobalSection
	GlobalSection(SolutionProperties) = preSolution
		HideSolutionNode = FALSE
	EndGlobalSection
	GlobalSection(ExtensibilityGlobals) = postSolution
		SolutionGuid = {087A9C6B-093F-4233-AAA2-A3E5FBF45C67}
	EndGlobalSection
EndGlobal
